// !$*UTF8*$!
{
	archiveVersion = 1;
	classes = {
	};
	objectVersion = 56;
	objects = {

/* Begin PBXBuildFile section */
		C847047B29660CB100995BAD /* ToggleVideoApp.swift in Sources */ = {isa = PBXBuildFile; fileRef = C847047A29660CB100995BAD /* ToggleVideoApp.swift */; };
		C847047D29660CB100995BAD /* ContentView.swift in Sources */ = {isa = PBXBuildFile; fileRef = C847047C29660CB100995BAD /* ContentView.swift */; };
		C847047F29660CB200995BAD /* Assets.xcassets in Resources */ = {isa = PBXBuildFile; fileRef = C847047E29660CB200995BAD /* Assets.xcassets */; };
		C847048229660CB200995BAD /* Preview Assets.xcassets in Resources */ = {isa = PBXBuildFile; fileRef = C847048129660CB200995BAD /* Preview Assets.xcassets */; };
		C847048A29660CD600995BAD /* MyToggleStylee.swift in Sources */ = {isa = PBXBuildFile; fileRef = C847048929660CD600995BAD /* MyToggleStylee.swift */; };
		C847048C29660CFA00995BAD /* Youtube.swift in Sources */ = {isa = PBXBuildFile; fileRef = C847048B29660CFA00995BAD /* Youtube.swift */; };
		C847048E29660D0D00995BAD /* StarShape.swift in Sources */ = {isa = PBXBuildFile; fileRef = C847048D29660D0D00995BAD /* StarShape.swift */; };
/* End PBXBuildFile section */

/* Begin PBXFileReference section */
		C847047729660CB100995BAD /* ToggleVideo.app */ = {isa = PBXFileReference; explicitFileType = wrapper.application; includeInIndex = 0; path = ToggleVideo.app; sourceTree = BUILT_PRODUCTS_DIR; };
		C847047A29660CB100995BAD /* ToggleVideoApp.swift */ = {isa = PBXFileReference; lastKnownFileType = sourcecode.swift; path = ToggleVideoApp.swift; sourceTree = "<group>"; };
		C847047C29660CB100995BAD /* ContentView.swift */ = {isa = PBXFileReference; lastKnownFileType = sourcecode.swift; path = ContentView.swift; sourceTree = "<group>"; };
		C847047E29660CB200995BAD /* Assets.xcassets */ = {isa = PBXFileReference; lastKnownFileType = folder.assetcatalog; path = Assets.xcassets; sourceTree = "<group>"; };
		C847048129660CB200995BAD /* Preview Assets.xcassets */ = {isa = PBXFileReference; lastKnownFileType = folder.assetcatalog; path = "Preview Assets.xcassets"; sourceTree = "<group>"; };
		C847048329660CB200995BAD /* ToggleVideo.entitlements */ = {isa = PBXFileReference; lastKnownFileType = text.plist.entitlements; path = ToggleVideo.entitlements; sourceTree = "<group>"; };
		C847048929660CD600995BAD /* MyToggleStylee.swift */ = {isa = PBXFileReference; lastKnownFileType = sourcecode.swift; path = MyToggleStylee.swift; sourceTree = "<group>"; };
		C847048B29660CFA00995BAD /* Youtube.swift */ = {isa = PBXFileReference; lastKnownFileType = sourcecode.swift; path = Youtube.swift; sourceTree = "<group>"; };
		C847048D29660D0D00995BAD /* StarShape.swift */ = {isa = PBXFileReference; lastKnownFileType = sourcecode.swift; path = StarShape.swift; sourceTree = "<group>"; };
/* End PBXFileReference section */

/* Begin PBXFrameworksBuildPhase section */
		C847047429660CB100995BAD /* Frameworks */ = {
			isa = PBXFrameworksBuildPhase;
			buildActionMask = 2147483647;
			files = (
			);
			runOnlyForDeploymentPostprocessing = 0;
		};
/* End PBXFrameworksBuildPhase section */

/* Begin PBXGroup section */
		C847046E29660CB100995BAD = {
			isa = PBXGroup;
			children = (
				C847047929660CB100995BAD /* ToggleVideo */,
				C847047829660CB100995BAD /* Products */,
			);
			sourceTree = "<group>";
		};
		C847047829660CB100995BAD /* Products */ = {
			isa = PBXGroup;
			children = (
				C847047729660CB100995BAD /* ToggleVideo.app */,
			);
			name = Products;
			sourceTree = "<group>";
		};
		C847047929660CB100995BAD /* ToggleVideo */ = {
			isa = PBXGroup;
			children = (
				C847047A29660CB100995BAD /* ToggleVideoApp.swift */,
				C847048B29660CFA00995BAD /* Youtube.swift */,
				C847048D29660D0D00995BAD /* StarShape.swift */,
				C847047C29660CB100995BAD /* ContentView.swift */,
				C847048929660CD600995BAD /* MyToggleStylee.swift */,
				C847047E29660CB200995BAD /* Assets.xcassets */,
				C847048329660CB200995BAD /* ToggleVideo.entitlements */,
				C847048029660CB200995BAD /* Preview Content */,
			);
			path = ToggleVideo;
			sourceTree = "<group>";
		};
		C847048029660CB200995BAD /* Preview Content */ = {
			isa = PBXGroup;
			children = (
				C847048129660CB200995BAD /* Preview Assets.xcassets */,
			);
			path = "Preview Content";
			sourceTree = "<group>";
		};
/* End PBXGroup section */

/* Begin PBXNativeTarget section */
		C847047629660CB100995BAD /* ToggleVideo */ = {
			isa = PBXNativeTarget;
			buildConfigurationList = C847048629660CB200995BAD /* Build configuration list for PBXNativeTarget "ToggleVideo" */;
			buildPhases = (
				C847047329660CB100995BAD /* Sources */,
				C847047429660CB100995BAD /* Frameworks */,
				C847047529660CB100995BAD /* Resources */,
			);
			buildRules = (
			);
			dependencies = (
			);
			name = ToggleVideo;
			productName = ToggleVideo;
			productReference = C847047729660CB100995BAD /* ToggleVideo.app */;
			productType = "com.apple.product-type.application";
		};
/* End PBXNativeTarget section */

/* Begin PBXProject section */
		C847046F29660CB100995BAD /* Project object */ = {
			isa = PBXProject;
			attributes = {
				BuildIndependentTargetsInParallel = 1;
				LastSwiftUpdateCheck = 1420;
				LastUpgradeCheck = 1420;
				TargetAttributes = {
					C847047629660CB100995BAD = {
						CreatedOnToolsVersion = 14.2;
					};
				};
			};
			buildConfigurationList = C847047229660CB100995BAD /* Build configuration list for PBXProject "ToggleVideo" */;
			compatibilityVersion = "Xcode 14.0";
			developmentRegion = en;
			hasScannedForEncodings = 0;
			knownRegions = (
				en,
				Base,
			);
			mainGroup = C847046E29660CB100995BAD;
			productRefGroup = C847047829660CB100995BAD /* Products */;
			projectDirPath = "";
			projectRoot = "";
			targets = (
				C847047629660CB100995BAD /* ToggleVideo */,
			);
		};
/* End PBXProject section */

/* Begin PBXResourcesBuildPhase section */
		C847047529660CB100995BAD /* Resources */ = {
			isa = PBXResourcesBuildPhase;
			buildActionMask = 2147483647;
			files = (
				C847048229660CB200995BAD /* Preview Assets.xcassets in Resources */,
				C847047F29660CB200995BAD /* Assets.xcassets in Resources */,
			);
			runOnlyForDeploymentPostprocessing = 0;
		};
/* End PBXResourcesBuildPhase section */

/* Begin PBXSourcesBuildPhase section */
		C847047329660CB100995BAD /* Sources */ = {
			isa = PBXSourcesBuildPhase;
			buildActionMask = 2147483647;
			files = (
				C847048E29660D0D00995BAD /* StarShape.swift in Sources */,
				C847047D29660CB100995BAD /* ContentView.swift in Sources */,
				C847048C29660CFA00995BAD /* Youtube.swift in Sources */,
				C847048A29660CD600995BAD /* MyToggleStylee.swift in Sources */,
				C847047B29660CB100995BAD /* ToggleVideoApp.swift in Sources */,
			);
			runOnlyForDeploymentPostprocessing = 0;
		};
/* End PBXSourcesBuildPhase section */

/* Begin XCBuildConfiguration section */
		C847048429660CB200995BAD /* Debug */ = {
			isa = XCBuildConfiguration;
			buildSettings = {
				ALWAYS_SEARCH_USER_PATHS = NO;
				CLANG_ANALYZER_NONNULL = YES;
				CLANG_ANALYZER_NUMBER_OBJECT_CONVERSION = YES_AGGRESSIVE;
				CLANG_CXX_LANGUAGE_STANDARD = "gnu++20";
				CLANG_ENABLE_MODULES = YES;
				CLANG_ENABLE_OBJC_ARC = YES;
				CLANG_ENABLE_OBJC_WEAK = YES;
				CLANG_WARN_BLOCK_CAPTURE_AUTORELEASING = YES;
				CLANG_WARN_BOOL_CONVERSION = YES;
				CLANG_WARN_COMMA = YES;
				CLANG_WARN_CONSTANT_CONVERSION = YES;
				CLANG_WARN_DEPRECATED_OBJC_IMPLEMENTATIONS = YES;
				CLANG_WARN_DIRECT_OBJC_ISA_USAGE = YES_ERROR;
				CLANG_WARN_DOCUMENTATION_COMMENTS = YES;
				CLANG_WARN_EMPTY_BODY = YES;
				CLANG_WARN_ENUM_CONVERSION = YES;
				CLANG_WARN_INFINITE_RECURSION = YES;
				CLANG_WARN_INT_CONVERSION = YES;
				CLANG_WARN_NON_LITERAL_NULL_CONVERSION = YES;
				CLANG_WARN_OBJC_IMPLICIT_RETAIN_SELF = YES;
				CLANG_WARN_OBJC_LITERAL_CONVERSION = YES;
				CLANG_WARN_OBJC_ROOT_CLASS = YES_ERROR;
				CLANG_WARN_QUOTED_INCLUDE_IN_FRAMEWORK_HEADER = YES;
				CLANG_WARN_RANGE_LOOP_ANALYSIS = YES;
				CLANG_WARN_STRICT_PROTOTYPES = YES;
				CLANG_WARN_SUSPICIOUS_MOVE = YES;
				CLANG_WARN_UNGUARDED_AVAILABILITY = YES_AGGRESSIVE;
				CLANG_WARN_UNREACHABLE_CODE = YES;
				CLANG_WARN__DUPLICATE_METHOD_MATCH = YES;
				COPY_PHASE_STRIP = NO;
				DEBUG_INFORMATION_FORMAT = dwarf;
				ENABLE_STRICT_OBJC_MSGSEND = YES;
				ENABLE_TESTABILITY = YES;
				GCC_C_LANGUAGE_STANDARD = gnu11;
				GCC_DYNAMIC_NO_PIC = NO;
				GCC_NO_COMMON_BLOCKS = YES;
				GCC_OPTIMIZATION_LEVEL = 0;
				GCC_PREPROCESSOR_DEFINITIONS = (
					"DEBUG=1",
					"$(inherited)",
				);
				GCC_WARN_64_TO_32_BIT_CONVERSION = YES;
				GCC_WARN_ABOUT_RETURN_TYPE = YES_ERROR;
				GCC_WARN_UNDECLARED_SELECTOR = YES;
				GCC_WARN_UNINITIALIZED_AUTOS = YES_AGGRESSIVE;
				GCC_WARN_UNUSED_FUNCTION = YES;
				GCC_WARN_UNUSED_VARIABLE = YES;
				MACOSX_DEPLOYMENT_TARGET = 13.1;
				MTL_ENABLE_DEBUG_INFO = INCLUDE_SOURCE;
				MTL_FAST_MATH = YES;
				ONLY_ACTIVE_ARCH = YES;
				SDKROOT = macosx;
				SWIFT_ACTIVE_COMPILATION_CONDITIONS = DEBUG;
				SWIFT_OPTIMIZATION_LEVEL = "-Onone";
			};
			name = Debug;
		};
		C847048529660CB200995BAD /* Release */ = {
			isa = XCBuildConfiguration;
			buildSettings = {
				ALWAYS_SEARCH_USER_PATHS = NO;
				CLANG_ANALYZER_NONNULL = YES;
				CLANG_ANALYZER_NUMBER_OBJECT_CONVERSION = YES_AGGRESSIVE;
				CLANG_CXX_LANGUAGE_STANDARD = "gnu++20";
				CLANG_ENABLE_MODULES = YES;
				CLANG_ENABLE_OBJC_ARC = YES;
				CLANG_ENABLE_OBJC_WEAK = YES;
				CLANG_WARN_BLOCK_CAPTURE_AUTORELEASING = YES;
				CLANG_WARN_BOOL_CONVERSION = YES;
				CLANG_WARN_COMMA = YES;
				CLANG_WARN_CONSTANT_CONVERSION = YES;
				CLANG_WARN_DEPRECATED_OBJC_IMPLEMENTATIONS = YES;
				CLANG_WARN_DIRECT_OBJC_ISA_USAGE = YES_ERROR;
				CLANG_WARN_DOCUMENTATION_COMMENTS = YES;
				CLANG_WARN_EMPTY_BODY = YES;
				CLANG_WARN_ENUM_CONVERSION = YES;
				CLANG_WARN_INFINITE_RECURSION = YES;
				CLANG_WARN_INT_CONVERSION = YES;
				CLANG_WARN_NON_LITERAL_NULL_CONVERSION = YES;
				CLANG_WARN_OBJC_IMPLICIT_RETAIN_SELF = YES;
				CLANG_WARN_OBJC_LITERAL_CONVERSION = YES;
				CLANG_WARN_OBJC_ROOT_CLASS = YES_ERROR;
				CLANG_WARN_QUOTED_INCLUDE_IN_FRAMEWORK_HEADER = YES;
				CLANG_WARN_RANGE_LOOP_ANALYSIS = YES;
				CLANG_WARN_STRICT_PROTOTYPES = YES;
				CLANG_WARN_SUSPICIOUS_MOVE = YES;
				CLANG_WARN_UNGUARDED_AVAILABILITY = YES_AGGRESSIVE;
				CLANG_WARN_UNREACHABLE_CODE = YES;
				CLANG_WARN__DUPLICATE_METHOD_MATCH = YES;
				COPY_PHASE_STRIP = NO;
				DEBUG_INFORMATION_FORMAT = "dwarf-with-dsym";
				ENABLE_NS_ASSERTIONS = NO;
				ENABLE_STRICT_OBJC_MSGSEND = YES;
				GCC_C_LANGUAGE_STANDARD = gnu11;
				GCC_NO_COMMON_BLOCKS = YES;
				GCC_WARN_64_TO_32_BIT_CONVERSION = YES;
				GCC_WARN_ABOUT_RETURN_TYPE = YES_ERROR;
				GCC_WARN_UNDECLARED_SELECTOR = YES;
				GCC_WARN_UNINITIALIZED_AUTOS = YES_AGGRESSIVE;
				GCC_WARN_UNUSED_FUNCTION = YES;
				GCC_WARN_UNUSED_VARIABLE = YES;
				MACOSX_DEPLOYMENT_TARGET = 13.1;
				MTL_ENABLE_DEBUG_INFO = NO;
				MTL_FAST_MATH = YES;
				SDKROOT = macosx;
				SWIFT_COMPILATION_MODE = wholemodule;
				SWIFT_OPTIMIZATION_LEVEL = "-O";
			};
			name = Release;
		};
		C847048729660CB200995BAD /* Debug */ = {
			isa = XCBuildConfiguration;
			buildSettings = {
				ASSETCATALOG_COMPILER_APPICON_NAME = AppIcon;
				ASSETCATALOG_COMPILER_GLOBAL_ACCENT_COLOR_NAME = AccentColor;
				CODE_SIGN_ENTITLEMENTS = ToggleVideo/ToggleVideo.entitlements;
				CODE_SIGN_STYLE = Automatic;
				COMBINE_HIDPI_IMAGES = YES;
				CURRENT_PROJECT_VERSION = 1;
				DEVELOPMENT_ASSET_PATHS = "\"ToggleVideo/Preview Content\"";
				DEVELOPMENT_TEAM = UDGLB23X37;
				ENABLE_HARDENED_RUNTIME = YES;
				ENABLE_PREVIEWS = YES;
				GENERATE_INFOPLIST_FILE = YES;
				INFOPLIST_KEY_NSHumanReadableCopyright = "";
				LD_RUNPATH_SEARCH_PATHS = (
					"$(inherited)",
					"@executable_path/../Frameworks",
				);
				MARKETING_VERSION = 1.0;
				PRODUCT_BUNDLE_IDENTIFIER = app.otato.ToggleVideo;
				PRODUCT_NAME = "$(TARGET_NAME)";
				SWIFT_EMIT_LOC_STRINGS = YES;
				SWIFT_VERSION = 5.0;
			};
			name = Debug;
		};
		C847048829660CB200995BAD /* Release */ = {
			isa = XCBuildConfiguration;
			buildSettings = {
				ASSETCATALOG_COMPILER_APPICON_NAME = AppIcon;
				ASSETCATALOG_COMPILER_GLOBAL_ACCENT_COLOR_NAME = AccentColor;
				CODE_SIGN_ENTITLEMENTS = ToggleVideo/ToggleVideo.entitlements;
				CODE_SIGN_STYLE = Automatic;
				COMBINE_HIDPI_IMAGES = YES;
				CURRENT_PROJECT_VERSION = 1;
				DEVELOPMENT_ASSET_PATHS = "\"ToggleVideo/Preview Content\"";
				DEVELOPMENT_TEAM = UDGLB23X37;
				ENABLE_HARDENED_RUNTIME = YES;
				ENABLE_PREVIEWS = YES;
				GENERATE_INFOPLIST_FILE = YES;
				INFOPLIST_KEY_NSHumanReadableCopyright = "";
				LD_RUNPATH_SEARCH_PATHS = (
					"$(inherited)",
					"@executable_path/../Frameworks",
				);
				MARKETING_VERSION = 1.0;
				PRODUCT_BUNDLE_IDENTIFIER = app.otato.ToggleVideo;
				PRODUCT_NAME = "$(TARGET_NAME)";
				SWIFT_EMIT_LOC_STRINGS = YES;
				SWIFT_VERSION = 5.0;
			};
			name = Release;
		};
/* End XCBuildConfiguration section */

/* Begin XCConfigurationList section */
		C847047229660CB100995BAD /* Build configuration list for PBXProject "ToggleVideo" */ = {
			isa = XCConfigurationList;
			buildConfigurations = (
				C847048429660CB200995BAD /* Debug */,
				C847048529660CB200995BAD /* Release */,
			);
			defaultConfigurationIsVisible = 0;
			defaultConfigurationName = Release;
		};
		C847048629660CB200995BAD /* Build configuration list for PBXNativeTarget "ToggleVideo" */ = {
			isa = XCConfigurationList;
			buildConfigurations = (
				C847048729660CB200995BAD /* Debug */,
				C847048829660CB200995BAD /* Release */,
			);
			defaultConfigurationIsVisible = 0;
			defaultConfigurationName = Release;
		};
/* End XCConfigurationList section */
	};
	rootObject = C847046F29660CB100995BAD /* Project object */;
}
